
Microsoft Visual Studio Solution File, Format Version 12.00
# Visual Studio 2012
Project("{FAE04EC0-301F-11D3-BF4B-00C04F79EFBC}") = "play.skane.se", "play.skane.se\play.skane.se.csproj", "{E8087836-1761-4CC6-96C6-99DE1B0CB24C}"
EndProject
Global
	GlobalSection(SolutionConfigurationPlatforms) = preSolution
		Debug|Any CPU = Debug|Any CPU
		Release|Any CPU = Release|Any CPU
	EndGlobalSection
	GlobalSection(ProjectConfigurationPlatforms) = postSolution
		{E8087836-1761-4CC6-96C6-99DE1B0CB24C}.Debug|Any CPU.ActiveCfg = Debug|Any CPU
		{E8087836-1761-4CC6-96C6-99DE1B0CB24C}.Debug|Any CPU.Build.0 = Debug|Any CPU
		{E8087836-1761-4CC6-96C6-99DE1B0CB24C}.Release|Any CPU.ActiveCfg = Release|Any CPU
		{E8087836-1761-4CC6-96C6-99DE1B0CB24C}.Release|Any CPU.Build.0 = Release|Any CPU
	EndGlobalSection
	GlobalSection(SolutionProperties) = preSolution
		HideSolutionNode = FALSE
	EndGlobalSection
EndGlobal
